
Microsoft Visual Studio Solution File, Format Version 12.00
# Visual Studio 14
VisualStudioVersion = 14.0.25123.0
MinimumVisualStudioVersion = 10.0.40219.1
Project("{FAE04EC0-301F-11D3-BF4B-00C04F79EFBC}") = "FreeMath.Web", "FreeMath.Web\FreeMath.Web.csproj", "{41B579EE-44DD-44E6-8714-DC2095489FF0}"
EndProject
Project("{FAE04EC0-301F-11D3-BF4B-00C04F79EFBC}") = "FreeMath.Web.Tests", "FreeMath.Web.Tests\FreeMath.Web.Tests.csproj", "{C69D30F6-C9BF-4CAC-B2E7-E19EE53AC647}"
EndProject
Project("{FAE04EC0-301F-11D3-BF4B-00C04F79EFBC}") = "FreeMath.Biz", "FreeMath.Biz\FreeMath.Biz.csproj", "{1BF1EFFF-01AA-477F-B107-78E78285E542}"
EndProject
Project("{FAE04EC0-301F-11D3-BF4B-00C04F79EFBC}") = "FreeMath.DAL", "FreeMath.DAL\FreeMath.DAL.csproj", "{124532D5-1000-4B35-A8EB-01B957871DE3}"
EndProject
Project("{FAE04EC0-301F-11D3-BF4B-00C04F79EFBC}") = "FreeMath.Utility", "FreeMath.Utility\FreeMath.Utility.csproj", "{5E8953D2-A62C-450F-AA9F-DBA8FA90CB14}"
EndProject
Project("{FAE04EC0-301F-11D3-BF4B-00C04F79EFBC}") = "FreeMath.Domain", "FreeMath.Domain\FreeMath.Domain.csproj", "{8B322DA7-512F-4BE8-B326-21EFC25284D1}"
EndProject
Global
	GlobalSection(SolutionConfigurationPlatforms) = preSolution
		Debug|Any CPU = Debug|Any CPU
		Release|Any CPU = Release|Any CPU
	EndGlobalSection
	GlobalSection(ProjectConfigurationPlatforms) = postSolution
		{41B579EE-44DD-44E6-8714-DC2095489FF0}.Debug|Any CPU.ActiveCfg = Debug|Any CPU
		{41B579EE-44DD-44E6-8714-DC2095489FF0}.Debug|Any CPU.Build.0 = Debug|Any CPU
		{41B579EE-44DD-44E6-8714-DC2095489FF0}.Release|Any CPU.ActiveCfg = Release|Any CPU
		{41B579EE-44DD-44E6-8714-DC2095489FF0}.Release|Any CPU.Build.0 = Release|Any CPU
		{C69D30F6-C9BF-4CAC-B2E7-E19EE53AC647}.Debug|Any CPU.ActiveCfg = Debug|Any CPU
		{C69D30F6-C9BF-4CAC-B2E7-E19EE53AC647}.Debug|Any CPU.Build.0 = Debug|Any CPU
		{C69D30F6-C9BF-4CAC-B2E7-E19EE53AC647}.Release|Any CPU.ActiveCfg = Release|Any CPU
		{C69D30F6-C9BF-4CAC-B2E7-E19EE53AC647}.Release|Any CPU.Build.0 = Release|Any CPU
		{1BF1EFFF-01AA-477F-B107-78E78285E542}.Debug|Any CPU.ActiveCfg = Debug|Any CPU
		{1BF1EFFF-01AA-477F-B107-78E78285E542}.Debug|Any CPU.Build.0 = Debug|Any CPU
		{1BF1EFFF-01AA-477F-B107-78E78285E542}.Release|Any CPU.ActiveCfg = Release|Any CPU
		{1BF1EFFF-01AA-477F-B107-78E78285E542}.Release|Any CPU.Build.0 = Release|Any CPU
		{124532D5-1000-4B35-A8EB-01B957871DE3}.Debug|Any CPU.ActiveCfg = Debug|Any CPU
		{124532D5-1000-4B35-A8EB-01B957871DE3}.Debug|Any CPU.Build.0 = Debug|Any CPU
		{124532D5-1000-4B35-A8EB-01B957871DE3}.Release|Any CPU.ActiveCfg = Release|Any CPU
		{124532D5-1000-4B35-A8EB-01B957871DE3}.Release|Any CPU.Build.0 = Release|Any CPU
		{5E8953D2-A62C-450F-AA9F-DBA8FA90CB14}.Debug|Any CPU.ActiveCfg = Debug|Any CPU
		{5E8953D2-A62C-450F-AA9F-DBA8FA90CB14}.Debug|Any CPU.Build.0 = Debug|Any CPU
		{5E8953D2-A62C-450F-AA9F-DBA8FA90CB14}.Release|Any CPU.ActiveCfg = Release|Any CPU
		{5E8953D2-A62C-450F-AA9F-DBA8FA90CB14}.Release|Any CPU.Build.0 = Release|Any CPU
		{8B322DA7-512F-4BE8-B326-21EFC25284D1}.Debug|Any CPU.ActiveCfg = Debug|Any CPU
		{8B322DA7-512F-4BE8-B326-21EFC25284D1}.Debug|Any CPU.Build.0 = Debug|Any CPU
		{8B322DA7-512F-4BE8-B326-21EFC25284D1}.Release|Any CPU.ActiveCfg = Release|Any CPU
		{8B322DA7-512F-4BE8-B326-21EFC25284D1}.Release|Any CPU.Build.0 = Release|Any CPU
	EndGlobalSection
	GlobalSection(SolutionProperties) = preSolution
		HideSolutionNode = FALSE
	EndGlobalSection
EndGlobal
